{
  "version": 4,
  "terraform_version": "1.14.0",
  "serial": 18,
  "lineage": "0fe08f1e-c17f-ed32-5c36-ca920c38f170",
  "outputs": {
    "app_url": {
      "value": "http://localhost:8080",
      "type": "string"
    },
    "cluster_endpoint": {
      "value": "https://127.0.0.1:64332",
      "type": "string"
    },
    "cluster_name": {
      "value": "terraform-kind-cluster",
      "type": "string"
    },
    "kubeconfig_path": {
      "value": "C:\\Users\\Anthony\\.kube\\kind-config",
      "type": "string"
    },
    "kubectl_command": {
      "value": "kind export kubeconfig --name terraform-kind-cluster",
      "type": "string"
    },
    "namespace": {
      "value": "app-namespace",
      "type": "string"
    },
    "service_name": {
      "value": "nginx-app-service",
      "type": "string"
    }
  },
  "resources": [
    {
      "mode": "managed",
      "type": "kind_cluster",
      "name": "default",
      "provider": "provider[\"registry.terraform.io/tehcyx/kind\"]",
      "instances": [
        {
          "schema_version": 0,
          "attributes": {
            "client_certificate": "-----BEGIN CERTIFICATE-----\nMIIDKTCCAhGgAwIBAgIIfxzQ8vOYeo4wDQYJKoZIhvcNAQELBQAwFTETMBEGA1UE\nAxMKa3ViZXJuZXRlczAeFw0yNTExMzAwMTE3MzRaFw0yNjExMzAwMTIyMzRaMDwx\nHzAdBgNVBAoTFmt1YmVhZG06Y2x1c3Rlci1hZG1pbnMxGTAXBgNVBAMTEGt1YmVy\nbmV0ZXMtYWRtaW4wggEiMA0GCSqGSIb3DQEBAQUAA4IBDwAwggEKAoIBAQDYnkhK\ngVSOITVBtj4cG/vfb+C9E1Ia8ICv+HZbcGwvYlz5WMiR7qabOUCg0aYSQ6bvmJzs\n4MjquPOeGAJuehUK1JIf2Yo2WmoePyXN9m2S8FzCzF+R2ZGh7Xv3eeSJqSAhObz3\nf0vZrG4lZNL/dMybgNqAdtIuYsTpICuhJDT2RbxhtXH9LKbAy5zPH7VYqL4pVX01\nw4YbZSB9h0738mHWRDDI8FsqnFyfxW0M6yulstoOR9TIt6tV6B/fcwCS7oZVA03E\nyclSHEj1j8Yr9+jDc45/GCQkT8xSIYakG9sG42iD0JoVJHmxJf2OJ/UNP6WktpGo\na3v+9X/naR+UkdI/AgMBAAGjVjBUMA4GA1UdDwEB/wQEAwIFoDATBgNVHSUEDDAK\nBggrBgEFBQcDAjAMBgNVHRMBAf8EAjAAMB8GA1UdIwQYMBaAFHMdmkXMdi9P4vsq\nNHBKj6VHAOYDMA0GCSqGSIb3DQEBCwUAA4IBAQAEcYDGitOvZRYj8BG92vHv/7Au\n2Su9CAJz1pQgh/DfQNkthpsnwNBXOt8P9nvf2f8V7fU3S6mU7LP6V16chVCZDpvb\nK/3WvOZDD8jwuadunI04ExJMitCnfZ5bIkXxKFyqMWMwI08iFnIDRJAsYXLmPFuE\nq4X/UzuIKY6d8x4P8FAsPAWmtqnEEhpJRae6ZG0d92RHwVM+YaRZgBGxiXfqv3xk\nLOGQrV0/i6lLgf9NjRnRNKky+zxyFmleOFB0UGU/bGMnBnXnJxlxYPHfOvtTeeAJ\no1hDfwtSYbx31qfek1FTvlkayniG7JYaZjMCX3dqKegPIllCTobE6+Q4mPrU\n-----END CERTIFICATE-----\n",
            "client_key": "-----BEGIN RSA PRIVATE KEY-----\nMIIEpAIBAAKCAQEA2J5ISoFUjiE1QbY+HBv732/gvRNSGvCAr/h2W3BsL2Jc+VjI\nke6mmzlAoNGmEkOm75ic7ODI6rjznhgCbnoVCtSSH9mKNlpqHj8lzfZtkvBcwsxf\nkdmRoe1793nkiakgITm8939L2axuJWTS/3TMm4DagHbSLmLE6SAroSQ09kW8YbVx\n/SymwMuczx+1WKi+KVV9NcOGG2UgfYdO9/Jh1kQwyPBbKpxcn8VtDOsrpbLaDkfU\nyLerVegf33MAku6GVQNNxMnJUhxI9Y/GK/fow3OOfxgkJE/MUiGGpBvbBuNog9Ca\nFSR5sSX9jif1DT+lpLaRqGt7/vV/52kflJHSPwIDAQABAoIBABOQhDNP0rJoQcD2\nyU2iTLxFr19/DGYzfPlScGTaLA3sN+fWGCjEtxaDnsMyUZS1DdxLr+IIfA0Qeaxj\nOxZS/23e0iMp85JCK0h3vUiIw8/G1tH0ly3Qn+x8oGWIhFbXSCLIGLmlLSrH/fDH\nAPRNTneTCpPEvOoEm11PkwaMWHOPoThxB0IPbhnKHtob9nW2UTGIOuRO9vpcqF6I\na8mSzofL/GkX6bKnZnSmee1pHoPuRAjtKvaqUmsihZup1/xq6zts3d6ciUGZaOcJ\nf3RHX9L8BO9+3zb1dgaWZ53aEGmbjspMUkgQOeVWWEHNUMs/FQV86IeGYldQs8H2\n96cJRzECgYEA3D8QcA3ajZ6PFQZam71/NtzryeZAUfez7ul86xFx87j3ot96jDui\nzwvebMrD6ZURwDiEpkwGETt5on1gWwmJQdG4zZkuObpnjr41baH09Yz32WxqdH2K\nGNnMrSVvm2EinyYxpiipDsdfPeu5VScaCmt6H57DEwhlt7fruf1ELA8CgYEA+8hx\nzIZ55vgsko7NXWgCBjo1TqG2zVm4GKpnAIVYXprmzvv+MmlJcbkV1jBch6/gJxjX\nMG0VM5jUkb7aGU+iDE9Ucx4Aq01nVSjEjVsv5z0mgJxirO1Ghu2nzNkDTE/lsJyY\nJRMLtq0SnkS8jG1KwM3hQOUb058srEhP+t+GhtECgYEAoHoy9/KgNGA70Q34J1JD\nxy3hgBMM+qyJpqLqKj1j0joL9djv6g3p6wKy5oI3jZLYhD6qKKFsKlIzpnnEI5En\nOZYeGXBrhhSUMCXXuDIx0lkMnpeoWYi/fqvzvpVwZL66A0xJENC/nc0XUH7ZY3pC\nNyVornF3of6UXvDcCYDIk3ECgYEA5eZbypXLv1NCV7we1rg+iPMjc54DrbPLfnIx\nxO79Br1IHR1JOTyb/EQ1JTNZeefks65h5uzjnA5jooTy3oOxAq54/PgbQk9WGBM2\njaACuJFEk9C35RBvAosEWe6ZrVeS8lW6MrgWTQHxayR2SX8N78jNchUA+JVyFAmf\nRgJN8tECgYB916cHo3/vPqpr9rXaDlPWIEyMvxzT0FQKGApVnnS3UagOR3gNpVVP\nEJ9h4p08RkbUAGg9WBXLNyMRb6zhCSr62WueRK8tYLmh7XbMzIcCzv5bkTUCZJFi\nTg7IDmfMjyP1PeCNbb0v/xtc30+ic8Ak/g6hhKrZG6A3K5fSwjOpSQ==\n-----END RSA PRIVATE KEY-----\n",
            "cluster_ca_certificate": "-----BEGIN CERTIFICATE-----\nMIIDBTCCAe2gAwIBAgIICVdRnn2vWzwwDQYJKoZIhvcNAQELBQAwFTETMBEGA1UE\nAxMKa3ViZXJuZXRlczAeFw0yNTExMzAwMTE3MzRaFw0zNTExMjgwMTIyMzRaMBUx\nEzARBgNVBAMTCmt1YmVybmV0ZXMwggEiMA0GCSqGSIb3DQEBAQUAA4IBDwAwggEK\nAoIBAQCr0vIsZwgplQnuWDn8YVf6ssB6COQ3QFab5fqyaCy3gRG64mDJVZGcX66/\nVrBeSXjFM/iRFLHWoNgOSiW+OwVDy2NlWNec7elLv0rYrfPwhuNSNCFgSKREdcTc\n2kIKolsVahfjYNegX/Dt3cxRmlZPSwNvMM2c5pkKJP5nzFXCo/tgjUsa5uoA5ziM\ngMr10ebZZIZU1L5A67WA+qLE95AF8wUGCwV99Gf9GU+Nw4POyBxOM3Bnjc7aa11f\nJvAXOTF0T0wUPAntX/Rt/q/D6NodzQLZCYx9TDwgNs+846USPjDe7bBDQ+u5hsds\nWdSM6WoVuttLv7ExvZTmbvlBVt0NAgMBAAGjWTBXMA4GA1UdDwEB/wQEAwICpDAP\nBgNVHRMBAf8EBTADAQH/MB0GA1UdDgQWBBRzHZpFzHYvT+L7KjRwSo+lRwDmAzAV\nBgNVHREEDjAMggprdWJlcm5ldGVzMA0GCSqGSIb3DQEBCwUAA4IBAQBRDBiV4mSd\nnmwMMsjfxIR+71xdIwv5DAG+xojKGS1WeLnHdFVyOGda0rqnAO+H7ss0/62+kQIU\nQU7j5lJW4wmXc7C3H7QmmDLFw7JDQ/SSsGPhjAT5KsPmXQ1ogJ8LBX8TOCwe1Qwr\nXDoZalKXTTwJv7uatAPEWd+5QvVHk+aO3FHm8Hjc26KY8phFXoHccIbdaujNhats\nPY+sOmBj2TdA621Y4ugrW3pwg9+7VbdhKx7RrJVIejNIKO93mjpmMHAGHM3IzjK3\n0Z/kgJVzbpzbB2SCNeyFOyF3jlbnQibGQ8P82BylCZyGaff52oGEJV1C5g1mmf64\nMLr4NhGGI56B\n-----END CERTIFICATE-----\n",
            "completed": true,
            "endpoint": "https://127.0.0.1:64332",
            "id": "terraform-kind-cluster-",
            "kind_config": [
              {
                "api_version": "kind.x-k8s.io/v1alpha4",
                "containerd_config_patches": null,
                "feature_gates": null,
                "kind": "Cluster",
                "networking": [],
                "node": [
                  {
                    "extra_mounts": [],
                    "extra_port_mappings": [
                      {
                        "container_port": 30080,
                        "host_port": 8080,
                        "listen_address": "",
                        "protocol": ""
                      }
                    ],
                    "image": "",
                    "kubeadm_config_patches": null,
                    "labels": null,
                    "role": "control-plane"
                  }
                ],
                "runtime_config": null
              }
            ],
            "kubeconfig": "apiVersion: v1\nclusters:\n- cluster:\n    certificate-authority-data: LS0tLS1CRUdJTiBDRVJUSUZJQ0FURS0tLS0tCk1JSURCVENDQWUyZ0F3SUJBZ0lJQ1ZkUm5uMnZXend3RFFZSktvWklodmNOQVFFTEJRQXdGVEVUTUJFR0ExVUUKQXhNS2EzVmlaWEp1WlhSbGN6QWVGdzB5TlRFeE16QXdNVEUzTXpSYUZ3MHpOVEV4TWpnd01USXlNelJhTUJVeApFekFSQmdOVkJBTVRDbXQxWW1WeWJtVjBaWE13Z2dFaU1BMEdDU3FHU0liM0RRRUJBUVVBQTRJQkR3QXdnZ0VLCkFvSUJBUUNyMHZJc1p3Z3BsUW51V0RuOFlWZjZzc0I2Q09RM1FGYWI1ZnF5YUN5M2dSRzY0bURKVlpHY1g2Ni8KVnJCZVNYakZNL2lSRkxIV29OZ09TaVcrT3dWRHkyTmxXTmVjN2VsTHYwcllyZlB3aHVOU05DRmdTS1JFZGNUYwoya0lLb2xzVmFoZmpZTmVnWC9EdDNjeFJtbFpQU3dOdk1NMmM1cGtLSlA1bnpGWENvL3RnalVzYTV1b0E1emlNCmdNcjEwZWJaWklaVTFMNUE2N1dBK3FMRTk1QUY4d1VHQ3dWOTlHZjlHVStOdzRQT3lCeE9NM0JuamM3YWExMWYKSnZBWE9URjBUMHdVUEFudFgvUnQvcS9ENk5vZHpRTFpDWXg5VER3Z05zKzg0NlVTUGpEZTdiQkRRK3U1aHNkcwpXZFNNNldvVnV0dEx2N0V4dlpUbWJ2bEJWdDBOQWdNQkFBR2pXVEJYTUE0R0ExVWREd0VCL3dRRUF3SUNwREFQCkJnTlZIUk1CQWY4RUJUQURBUUgvTUIwR0ExVWREZ1FXQkJSekhacEZ6SFl2VCtMN0tqUndTbytsUndEbUF6QVYKQmdOVkhSRUVEakFNZ2dwcmRXSmxjbTVsZEdWek1BMEdDU3FHU0liM0RRRUJDd1VBQTRJQkFRQlJEQmlWNG1TZApubXdNTXNqZnhJUis3MXhkSXd2NURBRyt4b2pLR1MxV2VMbkhkRlZ5T0dkYTBycW5BTytIN3NzMC82MitrUUlVClFVN2o1bEpXNHdtWGM3QzNIN1FtbURMRnc3SkRRL1NTc0dQaGpBVDVLc1BtWFExb2dKOExCWDhUT0N3ZTFRd3IKWERvWmFsS1hUVHdKdjd1YXRBUEVXZCs1UXZWSGsrYU8zRkhtOEhqYzI2S1k4cGhGWG9IY2NJYmRhdWpOaGF0cwpQWStzT21CajJUZEE2MjFZNHVnclczcHdnOSs3VmJkaEt4N1JySlZJZWpOSUtPOTNtanBtTUhBR0hNM0l6akszCjBaL2tnSlZ6YnB6YkIyU0NOZXlGT3lGM2psYm5RaWJHUThQODJCeWxDWnlHYWZmNTJvR0VKVjFDNWcxbW1mNjQKTUxyNE5oR0dJNTZCCi0tLS0tRU5EIENFUlRJRklDQVRFLS0tLS0K\n    server: https://127.0.0.1:64332\n  name: kind-terraform-kind-cluster\ncontexts:\n- context:\n    cluster: kind-terraform-kind-cluster\n    user: kind-terraform-kind-cluster\n  name: kind-terraform-kind-cluster\ncurrent-context: kind-terraform-kind-cluster\nkind: Config\nusers:\n- name: kind-terraform-kind-cluster\n  user:\n    client-certificate-data: LS0tLS1CRUdJTiBDRVJUSUZJQ0FURS0tLS0tCk1JSURLVENDQWhHZ0F3SUJBZ0lJZnh6UTh2T1llbzR3RFFZSktvWklodmNOQVFFTEJRQXdGVEVUTUJFR0ExVUUKQXhNS2EzVmlaWEp1WlhSbGN6QWVGdzB5TlRFeE16QXdNVEUzTXpSYUZ3MHlOakV4TXpBd01USXlNelJhTUR3eApIekFkQmdOVkJBb1RGbXQxWW1WaFpHMDZZMngxYzNSbGNpMWhaRzFwYm5NeEdUQVhCZ05WQkFNVEVHdDFZbVZ5CmJtVjBaWE10WVdSdGFXNHdnZ0VpTUEwR0NTcUdTSWIzRFFFQkFRVUFBNElCRHdBd2dnRUtBb0lCQVFEWW5raEsKZ1ZTT0lUVkJ0ajRjRy92ZmIrQzlFMUlhOElDditIWmJjR3d2WWx6NVdNaVI3cWFiT1VDZzBhWVNRNmJ2bUp6cwo0TWpxdVBPZUdBSnVlaFVLMUpJZjJZbzJXbW9lUHlYTjltMlM4RnpDekYrUjJaR2g3WHYzZWVTSnFTQWhPYnozCmYwdlpyRzRsWk5ML2RNeWJnTnFBZHRJdVlzVHBJQ3VoSkRUMlJieGh0WEg5TEtiQXk1elBIN1ZZcUw0cFZYMDEKdzRZYlpTQjloMDczOG1IV1JEREk4RnNxbkZ5ZnhXME02eXVsc3RvT1I5VEl0NnRWNkIvZmN3Q1M3b1pWQTAzRQp5Y2xTSEVqMWo4WXI5K2pEYzQ1L0dDUWtUOHhTSVlha0c5c0c0MmlEMEpvVkpIbXhKZjJPSi9VTlA2V2t0cEdvCmEzdis5WC9uYVIrVWtkSS9BZ01CQUFHalZqQlVNQTRHQTFVZER3RUIvd1FFQXdJRm9EQVRCZ05WSFNVRUREQUsKQmdnckJnRUZCUWNEQWpBTUJnTlZIUk1CQWY4RUFqQUFNQjhHQTFVZEl3UVlNQmFBRkhNZG1rWE1kaTlQNHZzcQpOSEJLajZWSEFPWURNQTBHQ1NxR1NJYjNEUUVCQ3dVQUE0SUJBUUFFY1lER2l0T3ZaUllqOEJHOTJ2SHYvN0F1CjJTdTlDQUp6MXBRZ2gvRGZRTmt0aHBzbndOQlhPdDhQOW52ZjJmOFY3ZlUzUzZtVTdMUDZWMTZjaFZDWkRwdmIKSy8zV3ZPWkREOGp3dWFkdW5JMDRFeEpNaXRDbmZaNWJJa1h4S0Z5cU1XTXdJMDhpRm5JRFJKQXNZWExtUEZ1RQpxNFgvVXp1SUtZNmQ4eDRQOEZBc1BBV210cW5FRWhwSlJhZTZaRzBkOTJSSHdWTStZYVJaZ0JHeGlYZnF2M3hrCkxPR1FyVjAvaTZsTGdmOU5qUm5STktreSt6eHlGbWxlT0ZCMFVHVS9iR01uQm5Ybkp4bHhZUEhmT3Z0VGVlQUoKbzFoRGZ3dFNZYngzMXFmZWsxRlR2bGtheW5pRzdKWWFaak1DWDNkcUtlZ1BJbGxDVG9iRTYrUTRtUHJVCi0tLS0tRU5EIENFUlRJRklDQVRFLS0tLS0K\n    client-key-data: LS0tLS1CRUdJTiBSU0EgUFJJVkFURSBLRVktLS0tLQpNSUlFcEFJQkFBS0NBUUVBMko1SVNvRlVqaUUxUWJZK0hCdjczMi9ndlJOU0d2Q0FyL2gyVzNCc0wySmMrVmpJCmtlNm1temxBb05HbUVrT203NWljN09ESTZyanpuaGdDYm5vVkN0U1NIOW1LTmxwcUhqOGx6Zlp0a3ZCY3dzeGYKa2RtUm9lMTc5M25raWFrZ0lUbTg5MzlMMmF4dUpXVFMvM1RNbTREYWdIYlNMbUxFNlNBcm9TUTA5a1c4WWJWeAovU3ltd011Y3p4KzFXS2krS1ZWOU5jT0dHMlVnZllkTzkvSmgxa1F3eVBCYktweGNuOFZ0RE9zcnBiTGFEa2ZVCnlMZXJWZWdmMzNNQWt1NkdWUU5OeE1uSlVoeEk5WS9HSy9mb3czT09meGdrSkUvTVVpR0dwQnZiQnVOb2c5Q2EKRlNSNXNTWDlqaWYxRFQrbHBMYVJxR3Q3L3ZWLzUya2ZsSkhTUHdJREFRQUJBb0lCQUJPUWhETlAwckpvUWNEMgp5VTJpVEx4RnIxOS9ER1l6ZlBsU2NHVGFMQTNzTitmV0dDakV0eGFEbnNNeVVaUzFEZHhMcitJSWZBMFFlYXhqCk94WlMvMjNlMGlNcDg1SkNLMGgzdlVpSXc4L0cxdEgwbHkzUW4reDhvR1dJaEZiWFNDTElHTG1sTFNySC9mREgKQVBSTlRuZVRDcFBFdk9vRW0xMVBrd2FNV0hPUG9UaHhCMElQYmhuS0h0b2I5blcyVVRHSU91Uk85dnBjcUY2SQphOG1Tem9mTC9Ha1g2YktuWm5TbWVlMXBIb1B1UkFqdEt2YXFVbXNpaFp1cDEveHE2enRzM2Q2Y2lVR1phT2NKCmYzUkhYOUw4Qk85KzN6YjFkZ2FXWjUzYUVHbWJqc3BNVWtnUU9lVldXRUhOVU1zL0ZRVjg2SWVHWWxkUXM4SDIKOTZjSlJ6RUNnWUVBM0Q4UWNBM2FqWjZQRlFaYW03MS9OdHpyeWVaQVVmZXo3dWw4NnhGeDg3ajNvdDk2akR1aQp6d3ZlYk1yRDZaVVJ3RGlFcGt3R0VUdDVvbjFnV3dtSlFkRzR6Wmt1T2JwbmpyNDFiYUgwOVl6MzJXeHFkSDJLCkdObk1yU1Z2bTJFaW55WXhwaWlwRHNkZlBldTVWU2NhQ210Nkg1N0RFd2hsdDdmcnVmMUVMQThDZ1lFQSs4aHgKeklaNTV2Z3NrbzdOWFdnQ0JqbzFUcUcyelZtNEdLcG5BSVZZWHBybXp2ditNbWxKY2JrVjFqQmNoNi9nSnhqWApNRzBWTTVqVWtiN2FHVStpREU5VWN4NEFxMDFuVlNqRWpWc3Y1ejBtZ0p4aXJPMUdodTJuek5rRFRFL2xzSnlZCkpSTUx0cTBTbmtTOGpHMUt3TTNoUU9VYjA1OHNyRWhQK3QrR2h0RUNnWUVBb0hveTkvS2dOR0E3MFEzNEoxSkQKeHkzaGdCTU0rcXlKcHFMcUtqMWowam9MOWRqdjZnM3A2d0t5NW9JM2paTFloRDZxS0tGc0tsSXpwbm5FSTVFbgpPWlllR1hCcmhoU1VNQ1hYdURJeDBsa01ucGVvV1lpL2Zxdnp2cFZ3Wkw2NkEweEpFTkMvbmMwWFVIN1pZM3BDCk55Vm9ybkYzb2Y2VVh2RGNDWURJazNFQ2dZRUE1ZVpieXBYTHYxTkNWN3dlMXJnK2lQTWpjNTREcmJQTGZuSXgKeE83OUJyMUlIUjFKT1R5Yi9FUTFKVE5aZWVma3M2NWg1dXpqbkE1am9vVHkzb094QXE1NC9QZ2JRazlXR0JNMgpqYUFDdUpGRWs5QzM1UkJ2QW9zRVdlNlpyVmVTOGxXNk1yZ1dUUUh4YXlSMlNYOE43OGpOY2hVQStKVnlGQW1mClJnSk44dEVDZ1lCOTE2Y0hvMy92UHFwcjlyWGFEbFBXSUV5TXZ4elQwRlFLR0FwVm5uUzNVYWdPUjNnTnBWVlAKRUo5aDRwMDhSa2JVQUdnOVdCWExOeU1SYjZ6aENTcjYyV3VlUks4dFlMbWg3WGJNekljQ3p2NWJrVFVDWkpGaQpUZzdJRG1mTWp5UDFQZUNOYmIwdi94dGMzMCtpYzhBay9nNmhoS3JaRzZBM0s1ZlN3ak9wU1E9PQotLS0tLUVORCBSU0EgUFJJVkFURSBLRVktLS0tLQo=\n",
            "kubeconfig_path": "C:\\Users\\Anthony\\.kube\\kind-config",
            "name": "terraform-kind-cluster",
            "node_image": null,
            "timeouts": null,
            "wait_for_ready": true
          },
          "sensitive_attributes": [],
          "identity_schema_version": 0,
          "private": "eyJlMmJmYjczMC1lY2FhLTExZTYtOGY4OC0zNDM2M2JjN2M0YzAiOnsiY3JlYXRlIjozMDAwMDAwMDAwMDAsImRlbGV0ZSI6MzAwMDAwMDAwMDAwLCJ1cGRhdGUiOjMwMDAwMDAwMDAwMH19"
        }
      ]
    },
    {
      "mode": "managed",
      "type": "kubernetes_config_map",
      "name": "app_config",
      "provider": "provider[\"registry.terraform.io/hashicorp/kubernetes\"]",
      "instances": [
        {
          "schema_version": 0,
          "attributes": {
            "binary_data": null,
            "data": {
              "APP_NAME": "nginx-app",
              "APP_VERSION": "1.0.0",
              "ENVIRONMENT": "development"
            },
            "id": "app-namespace/app-config",
            "immutable": false,
            "metadata": [
              {
                "annotations": null,
                "generate_name": "",
                "generation": 0,
                "labels": null,
                "name": "app-config",
                "namespace": "app-namespace",
                "resource_version": "439",
                "uid": "e3ce9733-c87a-4a05-8fc0-32bb75d694a4"
              }
            ]
          },
          "sensitive_attributes": [],
          "identity_schema_version": 1,
          "identity": {
            "api_version": "v1",
            "kind": "ConfigMap",
            "name": "app-config",
            "namespace": "app-namespace"
          },
          "private": "bnVsbA==",
          "dependencies": [
            "kind_cluster.default",
            "kubernetes_namespace.app"
          ]
        }
      ]
    },
    {
      "mode": "managed",
      "type": "kubernetes_deployment",
      "name": "app",
      "provider": "provider[\"registry.terraform.io/hashicorp/kubernetes\"]",
      "instances": [
        {
          "schema_version": 1,
          "attributes": {
            "id": "app-namespace/nginx-app-deployment",
            "metadata": [
              {
                "annotations": null,
                "generate_name": "",
                "generation": 1,
                "labels": {
                  "app": "nginx-app"
                },
                "name": "nginx-app-deployment",
                "namespace": "app-namespace",
                "resource_version": "507",
                "uid": "bec392be-56c4-4526-bd4a-169feeafb8e4"
              }
            ],
            "spec": [
              {
                "min_ready_seconds": 0,
                "paused": false,
                "progress_deadline_seconds": 600,
                "replicas": "2",
                "revision_history_limit": 10,
                "selector": [
                  {
                    "match_expressions": [],
                    "match_labels": {
                      "app": "nginx-app"
                    }
                  }
                ],
                "strategy": [
                  {
                    "rolling_update": [
                      {
                        "max_surge": "25%",
                        "max_unavailable": "25%"
                      }
                    ],
                    "type": "RollingUpdate"
                  }
                ],
                "template": [
                  {
                    "metadata": [
                      {
                        "annotations": null,
                        "generate_name": "",
                        "generation": 0,
                        "labels": {
                          "app": "nginx-app"
                        },
                        "name": "",
                        "namespace": "",
                        "resource_version": "",
                        "uid": ""
                      }
                    ],
                    "spec": [
                      {
                        "active_deadline_seconds": 0,
                        "affinity": [],
                        "automount_service_account_token": true,
                        "container": [
                          {
                            "args": null,
                            "command": null,
                            "env": [],
                            "env_from": [
                              {
                                "config_map_ref": [
                                  {
                                    "name": "app-config",
                                    "optional": false
                                  }
                                ],
                                "prefix": "",
                                "secret_ref": []
                              }
                            ],
                            "image": "nginx:stable-alpine",
                            "image_pull_policy": "IfNotPresent",
                            "lifecycle": [],
                            "liveness_probe": [],
                            "name": "nginx",
                            "port": [
                              {
                                "container_port": 80,
                                "host_ip": "",
                                "host_port": 0,
                                "name": "",
                                "protocol": "TCP"
                              }
                            ],
                            "readiness_probe": [],
                            "resources": [
                              {
                                "limits": {
                                  "cpu": "500m",
                                  "memory": "512Mi"
                                },
                                "requests": {
                                  "cpu": "250m",
                                  "memory": "256Mi"
                                }
                              }
                            ],
                            "security_context": [],
                            "startup_probe": [],
                            "stdin": false,
                            "stdin_once": false,
                            "termination_message_path": "/dev/termination-log",
                            "termination_message_policy": "File",
                            "tty": false,
                            "volume_device": [],
                            "volume_mount": [],
                            "working_dir": ""
                          }
                        ],
                        "dns_config": [],
                        "dns_policy": "ClusterFirst",
                        "enable_service_links": true,
                        "host_aliases": [],
                        "host_ipc": false,
                        "host_network": false,
                        "host_pid": false,
                        "hostname": "",
                        "image_pull_secrets": [],
                        "init_container": [],
                        "node_name": "",
                        "node_selector": null,
                        "os": [],
                        "priority_class_name": "",
                        "readiness_gate": [],
                        "restart_policy": "Always",
                        "runtime_class_name": "",
                        "scheduler_name": "default-scheduler",
                        "security_context": [],
                        "service_account_name": "",
                        "share_process_namespace": false,
                        "subdomain": "",
                        "termination_grace_period_seconds": 30,
                        "toleration": [],
                        "topology_spread_constraint": [],
                        "volume": []
                      }
                    ]
                  }
                ]
              }
            ],
            "timeouts": null,
            "wait_for_rollout": true
          },
          "sensitive_attributes": [],
          "identity_schema_version": 1,
          "identity": {
            "api_version": "apps/v1",
            "kind": "Deployment",
            "name": "nginx-app-deployment",
            "namespace": "app-namespace"
          },
          "private": "eyJlMmJmYjczMC1lY2FhLTExZTYtOGY4OC0zNDM2M2JjN2M0YzAiOnsiY3JlYXRlIjo2MDAwMDAwMDAwMDAsImRlbGV0ZSI6NjAwMDAwMDAwMDAwLCJ1cGRhdGUiOjYwMDAwMDAwMDAwMH0sInNjaGVtYV92ZXJzaW9uIjoiMSJ9",
          "dependencies": [
            "kind_cluster.default",
            "kubernetes_config_map.app_config",
            "kubernetes_namespace.app"
          ]
        }
      ]
    },
    {
      "mode": "managed",
      "type": "kubernetes_namespace",
      "name": "app",
      "provider": "provider[\"registry.terraform.io/hashicorp/kubernetes\"]",
      "instances": [
        {
          "schema_version": 0,
          "attributes": {
            "id": "app-namespace",
            "metadata": [
              {
                "annotations": null,
                "generate_name": "",
                "generation": 0,
                "labels": {
                  "environment": "dev",
                  "managed-by": "terraform"
                },
                "name": "app-namespace",
                "resource_version": "436",
                "uid": "07fbbb34-9326-4f1a-bce5-d6ef04460895"
              }
            ],
            "timeouts": null,
            "wait_for_default_service_account": false
          },
          "sensitive_attributes": [],
          "identity_schema_version": 1,
          "identity": {
            "api_version": "v1",
            "kind": "Namespace",
            "name": "app-namespace"
          },
          "private": "eyJlMmJmYjczMC1lY2FhLTExZTYtOGY4OC0zNDM2M2JjN2M0YzAiOnsiZGVsZXRlIjozMDAwMDAwMDAwMDB9fQ==",
          "dependencies": [
            "kind_cluster.default"
          ]
        }
      ]
    },
    {
      "mode": "managed",
      "type": "kubernetes_service",
      "name": "app",
      "provider": "provider[\"registry.terraform.io/hashicorp/kubernetes\"]",
      "instances": [
        {
          "schema_version": 1,
          "attributes": {
            "id": "app-namespace/nginx-app-service",
            "metadata": [
              {
                "annotations": null,
                "generate_name": "",
                "generation": 0,
                "labels": null,
                "name": "nginx-app-service",
                "namespace": "app-namespace",
                "resource_version": "442",
                "uid": "728e3abe-1d7b-4a7b-8fd9-33f7a5c88712"
              }
            ],
            "spec": [
              {
                "allocate_load_balancer_node_ports": true,
                "cluster_ip": "10.96.129.64",
                "cluster_ips": [
                  "10.96.129.64"
                ],
                "external_ips": null,
                "external_name": "",
                "external_traffic_policy": "Cluster",
                "health_check_node_port": 0,
                "internal_traffic_policy": "Cluster",
                "ip_families": [
                  "IPv4"
                ],
                "ip_family_policy": "SingleStack",
                "load_balancer_class": "",
                "load_balancer_ip": "",
                "load_balancer_source_ranges": null,
                "port": [
                  {
                    "app_protocol": "",
                    "name": "",
                    "node_port": 30080,
                    "port": 80,
                    "protocol": "TCP",
                    "target_port": "80"
                  }
                ],
                "publish_not_ready_addresses": false,
                "selector": {
                  "app": "nginx-app"
                },
                "session_affinity": "None",
                "session_affinity_config": [],
                "type": "NodePort"
              }
            ],
            "status": [
              {
                "load_balancer": [
                  {
                    "ingress": []
                  }
                ]
              }
            ],
            "timeouts": null,
            "wait_for_load_balancer": true
          },
          "sensitive_attributes": [],
          "identity_schema_version": 1,
          "identity": {
            "api_version": "v1",
            "kind": "Service",
            "name": "nginx-app-service",
            "namespace": "app-namespace"
          },
          "private": "eyJlMmJmYjczMC1lY2FhLTExZTYtOGY4OC0zNDM2M2JjN2M0YzAiOnsiY3JlYXRlIjo2MDAwMDAwMDAwMDB9LCJzY2hlbWFfdmVyc2lvbiI6IjEifQ==",
          "dependencies": [
            "kind_cluster.default",
            "kubernetes_namespace.app"
          ]
        }
      ]
    }
  ],
  "check_results": null
}
